// !$*UTF8*$!
{
	archiveVersion = 1;
	classes = {
	};
	objectVersion = 51;
	objects = {

/* Begin PBXBuildFile section */
		0F2CE7D81E4D0DCF7FC80640 /* Pods_imkit_ios_sdk_v3_demo.framework in Frameworks */ = {isa = PBXBuildFile; fileRef = 125358B8D7CAD24FDC55F30C /* Pods_imkit_ios_sdk_v3_demo.framework */; };
		145885C52680D01F00C17CA4 /* Nunito-ExtraBold.ttf in Resources */ = {isa = PBXBuildFile; fileRef = 145885C42680D01F00C17CA4 /* Nunito-ExtraBold.ttf */; };
		145885C72682130B00C17CA4 /* SelectAvatarViewController.swift in Sources */ = {isa = PBXBuildFile; fileRef = 145885C62682130B00C17CA4 /* SelectAvatarViewController.swift */; };
		891F97842365B61F007BC5FD /* RoomsViewController.swift in Sources */ = {isa = PBXBuildFile; fileRef = 891F97832365B61F007BC5FD /* RoomsViewController.swift */; };
		891F97862365B69A007BC5FD /* MessagesViewController.swift in Sources */ = {isa = PBXBuildFile; fileRef = 891F97852365B69A007BC5FD /* MessagesViewController.swift */; };
		891F97882365B6DA007BC5FD /* UtilityInputViewController.swift in Sources */ = {isa = PBXBuildFile; fileRef = 891F97872365B6DA007BC5FD /* UtilityInputViewController.swift */; };
		893000032152A51400FFD1E8 /* AppDelegate.swift in Sources */ = {isa = PBXBuildFile; fileRef = 893000022152A51400FFD1E8 /* AppDelegate.swift */; };
		893000052152A51400FFD1E8 /* ViewController.swift in Sources */ = {isa = PBXBuildFile; fileRef = 893000042152A51400FFD1E8 /* ViewController.swift */; };
		893000082152A51400FFD1E8 /* Main.storyboard in Resources */ = {isa = PBXBuildFile; fileRef = 893000062152A51400FFD1E8 /* Main.storyboard */; };
		8930000A2152A51500FFD1E8 /* Assets.xcassets in Resources */ = {isa = PBXBuildFile; fileRef = 893000092152A51500FFD1E8 /* Assets.xcassets */; };
		8930000D2152A51500FFD1E8 /* LaunchScreen.storyboard in Resources */ = {isa = PBXBuildFile; fileRef = 8930000B2152A51500FFD1E8 /* LaunchScreen.storyboard */; };
/* End PBXBuildFile section */

/* Begin PBXFileReference section */
		125358B8D7CAD24FDC55F30C /* Pods_imkit_ios_sdk_v3_demo.framework */ = {isa = PBXFileReference; explicitFileType = wrapper.framework; includeInIndex = 0; path = Pods_imkit_ios_sdk_v3_demo.framework; sourceTree = BUILT_PRODUCTS_DIR; };
		145885C42680D01F00C17CA4 /* Nunito-ExtraBold.ttf */ = {isa = PBXFileReference; lastKnownFileType = file; path = "Nunito-ExtraBold.ttf"; sourceTree = "<group>"; };
		145885C62682130B00C17CA4 /* SelectAvatarViewController.swift */ = {isa = PBXFileReference; lastKnownFileType = sourcecode.swift; path = SelectAvatarViewController.swift; sourceTree = "<group>"; };
		1B7847CACECE0D905668580C /* Pods-imkit-ios-sdk-v3-demo.debug.xcconfig */ = {isa = PBXFileReference; includeInIndex = 1; lastKnownFileType = text.xcconfig; name = "Pods-imkit-ios-sdk-v3-demo.debug.xcconfig"; path = "Pods/Target Support Files/Pods-imkit-ios-sdk-v3-demo/Pods-imkit-ios-sdk-v3-demo.debug.xcconfig"; sourceTree = "<group>"; };
		891F97832365B61F007BC5FD /* RoomsViewController.swift */ = {isa = PBXFileReference; lastKnownFileType = sourcecode.swift; path = RoomsViewController.swift; sourceTree = "<group>"; };
		891F97852365B69A007BC5FD /* MessagesViewController.swift */ = {isa = PBXFileReference; lastKnownFileType = sourcecode.swift; path = MessagesViewController.swift; sourceTree = "<group>"; };
		891F97872365B6DA007BC5FD /* UtilityInputViewController.swift */ = {isa = PBXFileReference; lastKnownFileType = sourcecode.swift; path = UtilityInputViewController.swift; sourceTree = "<group>"; };
		893000022152A51400FFD1E8 /* AppDelegate.swift */ = {isa = PBXFileReference; lastKnownFileType = sourcecode.swift; path = AppDelegate.swift; sourceTree = "<group>"; };
		893000042152A51400FFD1E8 /* ViewController.swift */ = {isa = PBXFileReference; lastKnownFileType = sourcecode.swift; path = ViewController.swift; sourceTree = "<group>"; };
		893000072152A51400FFD1E8 /* Base */ = {isa = PBXFileReference; lastKnownFileType = file.storyboard; name = Base; path = Base.lproj/Main.storyboard; sourceTree = "<group>"; };
		893000092152A51500FFD1E8 /* Assets.xcassets */ = {isa = PBXFileReference; lastKnownFileType = folder.assetcatalog; path = Assets.xcassets; sourceTree = "<group>"; };
		8930000C2152A51500FFD1E8 /* Base */ = {isa = PBXFileReference; lastKnownFileType = file.storyboard; name = Base; path = Base.lproj/LaunchScreen.storyboard; sourceTree = "<group>"; };
		8930000E2152A51500FFD1E8 /* Info.plist */ = {isa = PBXFileReference; lastKnownFileType = text.plist.xml; path = Info.plist; sourceTree = "<group>"; };
		8930FFFF2152A51400FFD1E8 /* imkit-ios-sdk-v3-demo.app */ = {isa = PBXFileReference; explicitFileType = wrapper.application; includeInIndex = 0; path = "imkit-ios-sdk-v3-demo.app"; sourceTree = BUILT_PRODUCTS_DIR; };
		DFEF1199C44C4A61A37DB841 /* Pods-imkit-ios-sdk-v3-demo.release.xcconfig */ = {isa = PBXFileReference; includeInIndex = 1; lastKnownFileType = text.xcconfig; name = "Pods-imkit-ios-sdk-v3-demo.release.xcconfig"; path = "Pods/Target Support Files/Pods-imkit-ios-sdk-v3-demo/Pods-imkit-ios-sdk-v3-demo.release.xcconfig"; sourceTree = "<group>"; };
/* End PBXFileReference section */

/* Begin PBXFrameworksBuildPhase section */
		8930FFFC2152A51400FFD1E8 /* Frameworks */ = {
			isa = PBXFrameworksBuildPhase;
			buildActionMask = 2147483647;
			files = (
				0F2CE7D81E4D0DCF7FC80640 /* Pods_imkit_ios_sdk_v3_demo.framework in Frameworks */,
			);
			runOnlyForDeploymentPostprocessing = 0;
		};
/* End PBXFrameworksBuildPhase section */

/* Begin PBXGroup section */
		5E0D5E412AE57EF700349655 /* Frameworks */ = {
			isa = PBXGroup;
			children = (
				125358B8D7CAD24FDC55F30C /* Pods_imkit_ios_sdk_v3_demo.framework */,
			);
			name = Frameworks;
			sourceTree = "<group>";
		};
		893000002152A51400FFD1E8 /* Products */ = {
			isa = PBXGroup;
			children = (
				8930FFFF2152A51400FFD1E8 /* imkit-ios-sdk-v3-demo.app */,
			);
			name = Products;
			sourceTree = "<group>";
		};
		893000012152A51400FFD1E8 /* imkit-ios-sdk-v3-demo */ = {
			isa = PBXGroup;
			children = (
				893000022152A51400FFD1E8 /* AppDelegate.swift */,
				893000042152A51400FFD1E8 /* ViewController.swift */,
				891F97832365B61F007BC5FD /* RoomsViewController.swift */,
				891F97852365B69A007BC5FD /* MessagesViewController.swift */,
				891F97872365B6DA007BC5FD /* UtilityInputViewController.swift */,
				893000062152A51400FFD1E8 /* Main.storyboard */,
				145885C62682130B00C17CA4 /* SelectAvatarViewController.swift */,
				893000092152A51500FFD1E8 /* Assets.xcassets */,
				8930000B2152A51500FFD1E8 /* LaunchScreen.storyboard */,
				8930000E2152A51500FFD1E8 /* Info.plist */,
				145885C42680D01F00C17CA4 /* Nunito-ExtraBold.ttf */,
			);
			path = "imkit-ios-sdk-v3-demo";
			sourceTree = "<group>";
		};
		8930FFF62152A51400FFD1E8 = {
			isa = PBXGroup;
			children = (
				893000012152A51400FFD1E8 /* imkit-ios-sdk-v3-demo */,
				893000002152A51400FFD1E8 /* Products */,
				F087DC4F0A23C438D53E9E16 /* Pods */,
				5E0D5E412AE57EF700349655 /* Frameworks */,
			);
			sourceTree = "<group>";
		};
		F087DC4F0A23C438D53E9E16 /* Pods */ = {
			isa = PBXGroup;
			children = (
				1B7847CACECE0D905668580C /* Pods-imkit-ios-sdk-v3-demo.debug.xcconfig */,
				DFEF1199C44C4A61A37DB841 /* Pods-imkit-ios-sdk-v3-demo.release.xcconfig */,
			);
			name = Pods;
			sourceTree = "<group>";
		};
/* End PBXGroup section */

/* Begin PBXNativeTarget section */
		8930FFFE2152A51400FFD1E8 /* imkit-ios-sdk-v3-demo */ = {
			isa = PBXNativeTarget;
			buildConfigurationList = 893000112152A51500FFD1E8 /* Build configuration list for PBXNativeTarget "imkit-ios-sdk-v3-demo" */;
			buildPhases = (
				697655C4063F173A9992E10B /* [CP] Check Pods Manifest.lock */,
				8930FFFB2152A51400FFD1E8 /* Sources */,
				8930FFFC2152A51400FFD1E8 /* Frameworks */,
				8930FFFD2152A51400FFD1E8 /* Resources */,
				8FA9AB0A80B049227E7F7120 /* [CP] Embed Pods Frameworks */,
			);
			buildRules = (
			);
			dependencies = (
			);
			name = "imkit-ios-sdk-v3-demo";
			productName = "imkit-ios-sdk-v3-demo";
			productReference = 8930FFFF2152A51400FFD1E8 /* imkit-ios-sdk-v3-demo.app */;
			productType = "com.apple.product-type.application";
		};
/* End PBXNativeTarget section */

/* Begin PBXProject section */
		8930FFF72152A51400FFD1E8 /* Project object */ = {
			isa = PBXProject;
			attributes = {
				LastSwiftUpdateCheck = 0940;
				LastUpgradeCheck = 0940;
				ORGANIZATIONNAME = "Howard Sun";
				TargetAttributes = {
					8930FFFE2152A51400FFD1E8 = {
						CreatedOnToolsVersion = 9.4.1;
					};
				};
			};
			buildConfigurationList = 8930FFFA2152A51400FFD1E8 /* Build configuration list for PBXProject "imkit-ios-sdk-v3-demo" */;
			compatibilityVersion = "Xcode 9.3";
			developmentRegion = en;
			hasScannedForEncodings = 0;
			knownRegions = (
				en,
				Base,
			);
			mainGroup = 8930FFF62152A51400FFD1E8;
			productRefGroup = 893000002152A51400FFD1E8 /* Products */;
			projectDirPath = "";
			projectRoot = "";
			targets = (
				8930FFFE2152A51400FFD1E8 /* imkit-ios-sdk-v3-demo */,
			);
		};
/* End PBXProject section */

/* Begin PBXResourcesBuildPhase section */
		8930FFFD2152A51400FFD1E8 /* Resources */ = {
			isa = PBXResourcesBuildPhase;
			buildActionMask = 2147483647;
			files = (
				8930000D2152A51500FFD1E8 /* LaunchScreen.storyboard in Resources */,
				8930000A2152A51500FFD1E8 /* Assets.xcassets in Resources */,
				893000082152A51400FFD1E8 /* Main.storyboard in Resources */,
				145885C52680D01F00C17CA4 /* Nunito-ExtraBold.ttf in Resources */,
			);
			runOnlyForDeploymentPostprocessing = 0;
		};
/* End PBXResourcesBuildPhase section */

/* Begin PBXShellScriptBuildPhase section */
		697655C4063F173A9992E10B /* [CP] Check Pods Manifest.lock */ = {
			isa = PBXShellScriptBuildPhase;
			buildActionMask = 2147483647;
			files = (
			);
			inputPaths = (
				"${PODS_PODFILE_DIR_PATH}/Podfile.lock",
				"${PODS_ROOT}/Manifest.lock",
			);
			name = "[CP] Check Pods Manifest.lock";
			outputPaths = (
				"$(DERIVED_FILE_DIR)/Pods-imkit-ios-sdk-v3-demo-checkManifestLockResult.txt",
			);
			runOnlyForDeploymentPostprocessing = 0;
			shellPath = /bin/sh;
			shellScript = "diff \"${PODS_PODFILE_DIR_PATH}/Podfile.lock\" \"${PODS_ROOT}/Manifest.lock\" > /dev/null\nif [ $? != 0 ] ; then\n    # print error to STDERR\n    echo \"error: The sandbox is not in sync with the Podfile.lock. Run 'pod install' or update your CocoaPods installation.\" >&2\n    exit 1\nfi\n# This output is used by Xcode 'outputs' to avoid re-running this script phase.\necho \"SUCCESS\" > \"${SCRIPT_OUTPUT_FILE_0}\"\n";
			showEnvVarsInLog = 0;
		};
		8FA9AB0A80B049227E7F7120 /* [CP] Embed Pods Frameworks */ = {
			isa = PBXShellScriptBuildPhase;
			buildActionMask = 2147483647;
			files = (
			);
			inputFileListPaths = (
				"${PODS_ROOT}/Target Support Files/Pods-imkit-ios-sdk-v3-demo/Pods-imkit-ios-sdk-v3-demo-frameworks-${CONFIGURATION}-input-files.xcfilelist",
			);
			name = "[CP] Embed Pods Frameworks";
			outputFileListPaths = (
				"${PODS_ROOT}/Target Support Files/Pods-imkit-ios-sdk-v3-demo/Pods-imkit-ios-sdk-v3-demo-frameworks-${CONFIGURATION}-output-files.xcfilelist",
			);
			runOnlyForDeploymentPostprocessing = 0;
			shellPath = /bin/sh;
			shellScript = "\"${PODS_ROOT}/Target Support Files/Pods-imkit-ios-sdk-v3-demo/Pods-imkit-ios-sdk-v3-demo-frameworks.sh\"\n";
			showEnvVarsInLog = 0;
		};
/* End PBXShellScriptBuildPhase section */

/* Begin PBXSourcesBuildPhase section */
		8930FFFB2152A51400FFD1E8 /* Sources */ = {
			isa = PBXSourcesBuildPhase;
			buildActionMask = 2147483647;
			files = (
				145885C72682130B00C17CA4 /* SelectAvatarViewController.swift in Sources */,
				891F97842365B61F007BC5FD /* RoomsViewController.swift in Sources */,
				893000052152A51400FFD1E8 /* ViewController.swift in Sources */,
				891F97882365B6DA007BC5FD /* UtilityInputViewController.swift in Sources */,
				891F97862365B69A007BC5FD /* MessagesViewController.swift in Sources */,
				893000032152A51400FFD1E8 /* AppDelegate.swift in Sources */,
			);
			runOnlyForDeploymentPostprocessing = 0;
		};
/* End PBXSourcesBuildPhase section */

/* Begin PBXVariantGroup section */
		893000062152A51400FFD1E8 /* Main.storyboard */ = {
			isa = PBXVariantGroup;
			children = (
				893000072152A51400FFD1E8 /* Base */,
			);
			name = Main.storyboard;
			sourceTree = "<group>";
		};
		8930000B2152A51500FFD1E8 /* LaunchScreen.storyboard */ = {
			isa = PBXVariantGroup;
			children = (
				8930000C2152A51500FFD1E8 /* Base */,
			);
			name = LaunchScreen.storyboard;
			sourceTree = "<group>";
		};
/* End PBXVariantGroup section */

/* Begin XCBuildConfiguration section */
		8930000F2152A51500FFD1E8 /* Debug */ = {
			isa = XCBuildConfiguration;
			buildSettings = {
				ALWAYS_SEARCH_USER_PATHS = NO;
				CLANG_ANALYZER_NONNULL = YES;
				CLANG_ANALYZER_NUMBER_OBJECT_CONVERSION = YES_AGGRESSIVE;
				CLANG_CXX_LANGUAGE_STANDARD = "gnu++14";
				CLANG_CXX_LIBRARY = "libc++";
				CLANG_ENABLE_MODULES = YES;
				CLANG_ENABLE_OBJC_ARC = YES;
				CLANG_ENABLE_OBJC_WEAK = YES;
				CLANG_WARN_BLOCK_CAPTURE_AUTORELEASING = YES;
				CLANG_WARN_BOOL_CONVERSION = YES;
				CLANG_WARN_COMMA = YES;
				CLANG_WARN_CONSTANT_CONVERSION = YES;
				CLANG_WARN_DEPRECATED_OBJC_IMPLEMENTATIONS = YES;
				CLANG_WARN_DIRECT_OBJC_ISA_USAGE = YES_ERROR;
				CLANG_WARN_DOCUMENTATION_COMMENTS = YES;
				CLANG_WARN_EMPTY_BODY = YES;
				CLANG_WARN_ENUM_CONVERSION = YES;
				CLANG_WARN_INFINITE_RECURSION = YES;
				CLANG_WARN_INT_CONVERSION = YES;
				CLANG_WARN_NON_LITERAL_NULL_CONVERSION = YES;
				CLANG_WARN_OBJC_IMPLICIT_RETAIN_SELF = YES;
				CLANG_WARN_OBJC_LITERAL_CONVERSION = YES;
				CLANG_WARN_OBJC_ROOT_CLASS = YES_ERROR;
				CLANG_WARN_RANGE_LOOP_ANALYSIS = YES;
				CLANG_WARN_STRICT_PROTOTYPES = YES;
				CLANG_WARN_SUSPICIOUS_MOVE = YES;
				CLANG_WARN_UNGUARDED_AVAILABILITY = YES_AGGRESSIVE;
				CLANG_WARN_UNREACHABLE_CODE = YES;
				CLANG_WARN__DUPLICATE_METHOD_MATCH = YES;
				CODE_SIGN_IDENTITY = "iPhone Developer";
				COPY_PHASE_STRIP = NO;
				DEBUG_INFORMATION_FORMAT = dwarf;
				ENABLE_STRICT_OBJC_MSGSEND = YES;
				ENABLE_TESTABILITY = YES;
				GCC_C_LANGUAGE_STANDARD = gnu11;
				GCC_DYNAMIC_NO_PIC = NO;
				GCC_NO_COMMON_BLOCKS = YES;
				GCC_OPTIMIZATION_LEVEL = 0;
				GCC_PREPROCESSOR_DEFINITIONS = (
					"DEBUG=1",
					"$(inherited)",
				);
				GCC_WARN_64_TO_32_BIT_CONVERSION = YES;
				GCC_WARN_ABOUT_RETURN_TYPE = YES_ERROR;
				GCC_WARN_UNDECLARED_SELECTOR = YES;
				GCC_WARN_UNINITIALIZED_AUTOS = YES_AGGRESSIVE;
				GCC_WARN_UNUSED_FUNCTION = YES;
				GCC_WARN_UNUSED_VARIABLE = YES;
				IPHONEOS_DEPLOYMENT_TARGET = 11.4;
				MTL_ENABLE_DEBUG_INFO = YES;
				ONLY_ACTIVE_ARCH = YES;
				SDKROOT = iphoneos;
				SWIFT_ACTIVE_COMPILATION_CONDITIONS = DEBUG;
				SWIFT_OPTIMIZATION_LEVEL = "-Onone";
			};
			name = Debug;
		};
		893000102152A51500FFD1E8 /* Release */ = {
			isa = XCBuildConfiguration;
			buildSettings = {
				ALWAYS_SEARCH_USER_PATHS = NO;
				CLANG_ANALYZER_NONNULL = YES;
				CLANG_ANALYZER_NUMBER_OBJECT_CONVERSION = YES_AGGRESSIVE;
				CLANG_CXX_LANGUAGE_STANDARD = "gnu++14";
				CLANG_CXX_LIBRARY = "libc++";
				CLANG_ENABLE_MODULES = YES;
				CLANG_ENABLE_OBJC_ARC = YES;
				CLANG_ENABLE_OBJC_WEAK = YES;
				CLANG_WARN_BLOCK_CAPTURE_AUTORELEASING = YES;
				CLANG_WARN_BOOL_CONVERSION = YES;
				CLANG_WARN_COMMA = YES;
				CLANG_WARN_CONSTANT_CONVERSION = YES;
				CLANG_WARN_DEPRECATED_OBJC_IMPLEMENTATIONS = YES;
				CLANG_WARN_DIRECT_OBJC_ISA_USAGE = YES_ERROR;
				CLANG_WARN_DOCUMENTATION_COMMENTS = YES;
				CLANG_WARN_EMPTY_BODY = YES;
				CLANG_WARN_ENUM_CONVERSION = YES;
				CLANG_WARN_INFINITE_RECURSION = YES;
				CLANG_WARN_INT_CONVERSION = YES;
				CLANG_WARN_NON_LITERAL_NULL_CONVERSION = YES;
				CLANG_WARN_OBJC_IMPLICIT_RETAIN_SELF = YES;
				CLANG_WARN_OBJC_LITERAL_CONVERSION = YES;
				CLANG_WARN_OBJC_ROOT_CLASS = YES_ERROR;
				CLANG_WARN_RANGE_LOOP_ANALYSIS = YES;
				CLANG_WARN_STRICT_PROTOTYPES = YES;
				CLANG_WARN_SUSPICIOUS_MOVE = YES;
				CLANG_WARN_UNGUARDED_AVAILABILITY = YES_AGGRESSIVE;
				CLANG_WARN_UNREACHABLE_CODE = YES;
				CLANG_WARN__DUPLICATE_METHOD_MATCH = YES;
				CODE_SIGN_IDENTITY = "iPhone Developer";
				COPY_PHASE_STRIP = NO;
				DEBUG_INFORMATION_FORMAT = "dwarf-with-dsym";
				ENABLE_NS_ASSERTIONS = NO;
				ENABLE_STRICT_OBJC_MSGSEND = YES;
				GCC_C_LANGUAGE_STANDARD = gnu11;
				GCC_NO_COMMON_BLOCKS = YES;
				GCC_WARN_64_TO_32_BIT_CONVERSION = YES;
				GCC_WARN_ABOUT_RETURN_TYPE = YES_ERROR;
				GCC_WARN_UNDECLARED_SELECTOR = YES;
				GCC_WARN_UNINITIALIZED_AUTOS = YES_AGGRESSIVE;
				GCC_WARN_UNUSED_FUNCTION = YES;
				GCC_WARN_UNUSED_VARIABLE = YES;
				IPHONEOS_DEPLOYMENT_TARGET = 11.4;
				MTL_ENABLE_DEBUG_INFO = NO;
				SDKROOT = iphoneos;
				SWIFT_COMPILATION_MODE = wholemodule;
				SWIFT_OPTIMIZATION_LEVEL = "-O";
				VALIDATE_PRODUCT = YES;
			};
			name = Release;
		};
		893000122152A51500FFD1E8 /* Debug */ = {
			isa = XCBuildConfiguration;
			baseConfigurationReference = 1B7847CACECE0D905668580C /* Pods-imkit-ios-sdk-v3-demo.debug.xcconfig */;
			buildSettings = {
				ASSETCATALOG_COMPILER_APPICON_NAME = AppIcon;
				CODE_SIGN_STYLE = Automatic;
				DEVELOPMENT_TEAM = 6UVWN4YM84;
				INFOPLIST_FILE = "imkit-ios-sdk-v3-demo/Info.plist";
				IPHONEOS_DEPLOYMENT_TARGET = 12.0;
				LD_RUNPATH_SEARCH_PATHS = (
					"$(inherited)",
					"@executable_path/Frameworks",
				);
				PRODUCT_BUNDLE_IDENTIFIER = "co.funtek.imkit-ios-sdk-v3-demo";
				PRODUCT_NAME = "$(TARGET_NAME)";
				SWIFT_VERSION = 5.0;
				TARGETED_DEVICE_FAMILY = "1,2";
			};
			name = Debug;
		};
		893000132152A51500FFD1E8 /* Release */ = {
			isa = XCBuildConfiguration;
			baseConfigurationReference = DFEF1199C44C4A61A37DB841 /* Pods-imkit-ios-sdk-v3-demo.release.xcconfig */;
			buildSettings = {
				ASSETCATALOG_COMPILER_APPICON_NAME = AppIcon;
				CODE_SIGN_STYLE = Automatic;
				DEVELOPMENT_TEAM = 6UVWN4YM84;
				INFOPLIST_FILE = "imkit-ios-sdk-v3-demo/Info.plist";
				IPHONEOS_DEPLOYMENT_TARGET = 12.0;
				LD_RUNPATH_SEARCH_PATHS = (
					"$(inherited)",
					"@executable_path/Frameworks",
				);
				PRODUCT_BUNDLE_IDENTIFIER = "co.funtek.imkit-ios-sdk-v3-demo";
				PRODUCT_NAME = "$(TARGET_NAME)";
				SWIFT_VERSION = 5.0;
				TARGETED_DEVICE_FAMILY = "1,2";
			};
			name = Release;
		};
/* End XCBuildConfiguration section */

/* Begin XCConfigurationList section */
		893000112152A51500FFD1E8 /* Build configuration list for PBXNativeTarget "imkit-ios-sdk-v3-demo" */ = {
			isa = XCConfigurationList;
			buildConfigurations = (
				893000122152A51500FFD1E8 /* Debug */,
				893000132152A51500FFD1E8 /* Release */,
			);
			defaultConfigurationIsVisible = 0;
			defaultConfigurationName = Release;
		};
		8930FFFA2152A51400FFD1E8 /* Build configuration list for PBXProject "imkit-ios-sdk-v3-demo" */ = {
			isa = XCConfigurationList;
			buildConfigurations = (
				8930000F2152A51500FFD1E8 /* Debug */,
				893000102152A51500FFD1E8 /* Release */,
			);
			defaultConfigurationIsVisible = 0;
			defaultConfigurationName = Release;
		};
/* End XCConfigurationList section */
	};
	rootObject = 8930FFF72152A51400FFD1E8 /* Project object */;
}
