PODS:
  - ActiveLabel (1.1.0)
  - Alamofire (4.9.0)
  - CryptoSwift (1.1.3)
  - DifferenceKit (1.1.3):
    - DifferenceKit/Core (= 1.1.3)
    - DifferenceKit/UIKitExtension (= 1.1.3)
  - DifferenceKit/Core (1.1.3)
  - DifferenceKit/UIKitExtension (1.1.3):
    - DifferenceKit/Core
  - Hero (1.4.0)
  - IGListKit (3.4.0):
    - IGListKit/Default (= 3.4.0)
  - IGListKit/Default (3.4.0):
    - IGListKit/Diffing
  - IGListKit/Diffing (3.4.0)
  - IMKit (0.165.0):
    - ActiveLabel (~> 1.1.0)
    - Alamofire (~> 4.9.0)
    - CryptoSwift (~> 1.1.2)
    - DifferenceKit (~> 1.1.3)
    - Hero (~> 1.4.0)
    - IGListKit (~> 3.4.0)
    - Kingfisher (~> 5.8.3)
    - Moya (~> 13.0.1)
    - PromiseKit (~> 6.11.0)
    - RealmSwift (~> 3.19.0)
    - SnapKit (~> 5.0.1)
    - Socket.IO-Client-Swift (~> 15.1.0)
    - SwifterSwift (~> 5.1.0)
    - SwiftLinkPreview (~> 3.0.0)
    - SwiftyJSON (~> 5.0.0)
  - Kingfisher (5.8.3):
    - Kingfisher/Core (= 5.8.3)
  - Kingfisher/Core (5.8.3)
  - Moya (13.0.1):
    - Moya/Core (= 13.0.1)
  - Moya/Core (13.0.1):
    - Alamofire (~> 4.1)
    - Result (~> 4.1)
  - PromiseKit (6.11.0):
    - PromiseKit/CorePromise (= 6.11.0)
    - PromiseKit/Foundation (= 6.11.0)
    - PromiseKit/UIKit (= 6.11.0)
  - PromiseKit/CorePromise (6.11.0)
  - PromiseKit/Foundation (6.11.0):
    - PromiseKit/CorePromise
  - PromiseKit/UIKit (6.11.0):
    - PromiseKit/CorePromise
  - Realm (3.19.1):
    - Realm/Headers (= 3.19.1)
  - Realm/Headers (3.19.1)
  - RealmSwift (3.19.1):
    - Realm (= 3.19.1)
  - Result (4.1.0)
  - SnapKit (5.0.1)
  - Socket.IO-Client-Swift (15.1.0):
    - Starscream (~> 3.1)
  - Starscream (3.1.1)
  - SwifterSwift (5.1.0):
    - SwifterSwift/AppKit (= 5.1.0)
    - SwifterSwift/CoreGraphics (= 5.1.0)
    - SwifterSwift/CoreLocation (= 5.1.0)
    - SwifterSwift/Dispatch (= 5.1.0)
    - SwifterSwift/Foundation (= 5.1.0)
    - SwifterSwift/MapKit (= 5.1.0)
    - SwifterSwift/SceneKit (= 5.1.0)
    - SwifterSwift/SpriteKit (= 5.1.0)
    - SwifterSwift/SwiftStdlib (= 5.1.0)
    - SwifterSwift/UIKit (= 5.1.0)
  - SwifterSwift/AppKit (5.1.0)
  - SwifterSwift/CoreGraphics (5.1.0)
  - SwifterSwift/CoreLocation (5.1.0)
  - SwifterSwift/Dispatch (5.1.0)
  - SwifterSwift/Foundation (5.1.0)
  - SwifterSwift/MapKit (5.1.0)
  - SwifterSwift/SceneKit (5.1.0)
  - SwifterSwift/SpriteKit (5.1.0)
  - SwifterSwift/SwiftStdlib (5.1.0)
  - SwifterSwift/UIKit (5.1.0)
  - SwiftLinkPreview (3.0.0)
  - SwiftyJSON (5.0.0)

DEPENDENCIES:
  - IGListKit (from `https://github.com/imkit/IGListKit.git`)
  - IMKit (from `https://github.com/imkit/imkit-ios-framework-v3.git`, branch `swift5.1`)
  - SwiftLinkPreview (from `https://github.com/imkit/SwiftLinkPreview.git`)

SPEC REPOS:
  trunk:
    - ActiveLabel
    - Alamofire
    - CryptoSwift
    - DifferenceKit
    - Hero
    - Kingfisher
    - Moya
    - PromiseKit
    - Realm
    - RealmSwift
    - Result
    - SnapKit
    - Socket.IO-Client-Swift
    - Starscream
    - SwifterSwift
    - SwiftyJSON

EXTERNAL SOURCES:
  IGListKit:
    :git: https://github.com/imkit/IGListKit.git
  IMKit:
    :branch: swift5.1
    :git: https://github.com/imkit/imkit-ios-framework-v3.git
  SwiftLinkPreview:
    :git: https://github.com/imkit/SwiftLinkPreview.git

CHECKOUT OPTIONS:
  IGListKit:
    :commit: 5c1a42c6d9c3fbc2c16831e0de75b5da776bd017
    :git: https://github.com/imkit/IGListKit.git
  IMKit:
    :commit: 68cbc4171326ea0c64fe48d26f501e9364dbad07
    :git: https://github.com/imkit/imkit-ios-framework-v3.git
  SwiftLinkPreview:
    :commit: f78d6fa5f6e8f707371b546af20b114c0d83d6fc
    :git: https://github.com/imkit/SwiftLinkPreview.git

SPEC CHECKSUMS:
  ActiveLabel: 5e3f4de79a1952d4604b845a0610d4776e4b82b3
  Alamofire: afc3e7c6db61476cb45cdd23fed06bad03bbc321
  CryptoSwift: 6b6e488df0598b3e9fa49254ed1a65e8c1b1e10b
  DifferenceKit: 5018791b6c1fc839921a3c171a0a539ace6ea60c
  Hero: bac92350d7201a1a940003e0767c7b52ce7c99a1
  IGListKit: 7a5d788e9fb746bcd402baa8e8b24bc3bd2a5a07
  IMKit: ae30927513c55f640dcbe73a0caedf05b1603f5b
  Kingfisher: b7e4cb65ff24c264bd2a1284b75b974d907afd94
  Moya: f4a4b80ff2f8a4ffc208dfb31cd91636622fee6e
  PromiseKit: e4863d06976e7dee5e41c04fc7371c16b3600292
  Realm: fb377747e694c7deb62d402400454134fe321bee
  RealmSwift: 1302b0ab60f3105a2b214a735eeb0938607cf16b
  Result: bd966fac789cc6c1563440b348ab2598cc24d5c7
  SnapKit: 97b92857e3df3a0c71833cce143274bf6ef8e5eb
  Socket.IO-Client-Swift: 7cb44c0ffb86e158cee32d0642d30ec5fdcf8f61
  Starscream: 4bb2f9942274833f7b4d296a55504dcfc7edb7b0
  SwifterSwift: a9e8e144832638c2850b43da5feaf9598c6ad65b
  SwiftLinkPreview: 703ea0cc24300a0a9011e3b677d98df050b85036
  SwiftyJSON: 36413e04c44ee145039d332b4f4e2d3e8d6c4db7

PODFILE CHECKSUM: 5e3f6af964ca95e31df3f13db631de3039758abc

COCOAPODS: 1.8.4
