PODS:
  - ActiveLabel (1.1.0)
  - Alamofire (4.9.1)
  - DifferenceKit (1.1.5):
    - DifferenceKit/Core (= 1.1.5)
    - DifferenceKit/UIKitExtension (= 1.1.5)
  - DifferenceKit/Core (1.1.5)
  - DifferenceKit/UIKitExtension (1.1.5):
    - DifferenceKit/Core
  - Hero (1.5.0)
  - IGListDiffKit (4.0.0)
  - IGListKit (4.0.0):
    - IGListDiffKit (= 4.0.0)
  - IMKit (0.267.0):
    - ActiveLabel (~> 1.1.0)
    - Alamofire (~> 4.9.1)
    - DifferenceKit (= 1.1.5)
    - Hero (~> 1.5.0)
    - IGListKit (~> 4.0.0)
    - Kingfisher (~> 5.15.0)
    - Moya (~> 13.0.1)
    - PromiseKit (~> 6.13.1)
    - RealmSwift (~> 4.4.1)
    - SnapKit (~> 5.0.1)
    - Socket.IO-Client-Swift (~> 15.2.0)
    - SwiftLinkPreview (~> 3.1.0)
    - SwiftyJSON (~> 5.0.0)
  - Kingfisher (5.15.0):
    - Kingfisher/Core (= 5.15.0)
  - Kingfisher/Core (5.15.0)
  - Moya (13.0.1):
    - Moya/Core (= 13.0.1)
  - Moya/Core (13.0.1):
    - Alamofire (~> 4.1)
    - Result (~> 4.1)
  - PromiseKit (6.13.1):
    - PromiseKit/CorePromise (= 6.13.1)
    - PromiseKit/Foundation (= 6.13.1)
    - PromiseKit/UIKit (= 6.13.1)
  - PromiseKit/CorePromise (6.13.1)
  - PromiseKit/Foundation (6.13.1):
    - PromiseKit/CorePromise
  - PromiseKit/UIKit (6.13.1):
    - PromiseKit/CorePromise
  - Realm (4.4.1):
    - Realm/Headers (= 4.4.1)
  - Realm/Headers (4.4.1)
  - RealmSwift (4.4.1):
    - Realm (= 4.4.1)
  - Result (4.1.0)
  - SnapKit (5.0.1)
  - Socket.IO-Client-Swift (15.2.0):
    - Starscream (~> 3.1)
  - Starscream (3.1.1)
  - SwiftLinkPreview (3.1.0)
  - SwiftyJSON (5.0.0)

DEPENDENCIES:
  - IGListKit (from `https://github.com/imkit/IGListKit.git`)
  - IMKit (from `https://github.com/imkit/imkit-ios-framework-v3.git`, branch `swift5.2`)
  - SwiftLinkPreview (from `https://github.com/imkit/SwiftLinkPreview.git`)

SPEC REPOS:
  trunk:
    - ActiveLabel
    - Alamofire
    - DifferenceKit
    - Hero
    - IGListDiffKit
    - Kingfisher
    - Moya
    - PromiseKit
    - Realm
    - RealmSwift
    - Result
    - SnapKit
    - Socket.IO-Client-Swift
    - Starscream
    - SwiftyJSON

EXTERNAL SOURCES:
  IGListKit:
    :git: https://github.com/imkit/IGListKit.git
  IMKit:
    :branch: swift5.2
    :git: https://github.com/imkit/imkit-ios-framework-v3.git
  SwiftLinkPreview:
    :git: https://github.com/imkit/SwiftLinkPreview.git

CHECKOUT OPTIONS:
  IGListKit:
    :commit: aad468b6de8315ae7403410f17724c8f8d5eff20
    :git: https://github.com/imkit/IGListKit.git
  IMKit:
    :commit: 25f2379bb1dfa68aea199e2260f2c5d99549fb06
    :git: https://github.com/imkit/imkit-ios-framework-v3.git
  SwiftLinkPreview:
    :commit: e2ce261315113df4e63dc1053cb747a6e5f06afc
    :git: https://github.com/imkit/SwiftLinkPreview.git

SPEC CHECKSUMS:
  ActiveLabel: 5e3f4de79a1952d4604b845a0610d4776e4b82b3
  Alamofire: 85e8a02c69d6020a0d734f6054870d7ecb75cf18
  DifferenceKit: 516f12e336ed65a3a0665847b5c3cb5cad4bd4ea
  Hero: b7385b75e7259da62f4f85462f59a5082d66b058
  IGListDiffKit: 665d6cf43ce726e676013db9c7d6c4294259b6b2
  IGListKit: fd5a5d21935298f5849fa49d426843cff97b77c7
  IMKit: 4ed2ca1c8f942b03a3c6e247f74312d51a26416f
  Kingfisher: 1acb67597a520c2d0310677e66d6e0af455ef757
  Moya: f4a4b80ff2f8a4ffc208dfb31cd91636622fee6e
  PromiseKit: 28fda91c973cc377875d8c0ea4f973013c05b6db
  Realm: 4eb04d7487bd43c0581256f40b424eafb711deff
  RealmSwift: 3eb8924ff7100df5928c7602f71d0fec51e7c9c5
  Result: bd966fac789cc6c1563440b348ab2598cc24d5c7
  SnapKit: 97b92857e3df3a0c71833cce143274bf6ef8e5eb
  Socket.IO-Client-Swift: 1e3e3a1f09f3312a167f0d781eb2f383d477357c
  Starscream: 4bb2f9942274833f7b4d296a55504dcfc7edb7b0
  SwiftLinkPreview: 3d924eeaae8d17410a827a4b37675713af1a0a8a
  SwiftyJSON: 36413e04c44ee145039d332b4f4e2d3e8d6c4db7

PODFILE CHECKSUM: b659609d6881360aa755d67f260d634c13ea05ec

COCOAPODS: 1.9.3
