PODS:
  - ActiveLabel (1.1.0)
  - Alamofire (5.4.3)
  - DifferenceKit (1.2.0):
    - DifferenceKit/Core (= 1.2.0)
    - DifferenceKit/UIKitExtension (= 1.2.0)
  - DifferenceKit/Core (1.2.0)
  - DifferenceKit/UIKitExtension (1.2.0):
    - DifferenceKit/Core
  - FloatingPanel (2.4.0)
  - Hero (1.6.1)
  - IGListDiffKit (4.0.0)
  - IGListKit (4.0.0):
    - IGListDiffKit (= 4.0.0)
  - IMKit (0.345.0):
    - ActiveLabel (~> 1.1)
    - Alamofire (~> 5)
    - DifferenceKit (~> 1.2)
    - FloatingPanel (~> 2.4)
    - Hero (~> 1.6)
    - IGListKit (~> 4)
    - Kingfisher (~> 6)
    - Moya (~> 14)
    - PromiseKit (~> 6)
    - RealmSwift (~> 10)
    - SnapKit (~> 5)
    - Socket.IO-Client-Swift (~> 16)
    - SwiftLinkPreview (~> 3)
    - SwiftyJSON (~> 5)
    - TagListView (~> 1.4)
  - IQKeyboardManagerSwift (6.5.6)
  - Kingfisher (6.3.1)
  - Moya (14.0.0):
    - Moya/Core (= 14.0.0)
  - Moya/Core (14.0.0):
    - Alamofire (~> 5.0)
  - ProgressHUD (2.70)
  - PromiseKit (6.15.3):
    - PromiseKit/CorePromise (= 6.15.3)
    - PromiseKit/Foundation (= 6.15.3)
    - PromiseKit/UIKit (= 6.15.3)
  - PromiseKit/CorePromise (6.15.3)
  - PromiseKit/Foundation (6.15.3):
    - PromiseKit/CorePromise
  - PromiseKit/UIKit (6.15.3):
    - PromiseKit/CorePromise
  - Realm (10.14.0):
    - Realm/Headers (= 10.14.0)
  - Realm/Headers (10.14.0)
  - RealmSwift (10.14.0):
    - Realm (= 10.14.0)
  - SnapKit (5.0.1)
  - Socket.IO-Client-Swift (16.0.1):
    - Starscream (~> 4.0)
  - Starscream (4.0.4)
  - SwiftLinkPreview (3.4.0)
  - SwiftyJSON (5.0.1)
  - TagListView (1.4.1)

DEPENDENCIES:
  - IMKit (from `https://github.com/imkit/imkit-ios-framework-v3.git`)
  - IQKeyboardManagerSwift (= 6.5.6)
  - ProgressHUD
  - SwiftLinkPreview (from `https://github.com/imkit/SwiftLinkPreview.git`)

SPEC REPOS:
  trunk:
    - ActiveLabel
    - Alamofire
    - DifferenceKit
    - FloatingPanel
    - Hero
    - IGListDiffKit
    - IGListKit
    - IQKeyboardManagerSwift
    - Kingfisher
    - Moya
    - ProgressHUD
    - PromiseKit
    - Realm
    - RealmSwift
    - SnapKit
    - Socket.IO-Client-Swift
    - Starscream
    - SwiftyJSON
    - TagListView

EXTERNAL SOURCES:
  IMKit:
    :git: https://github.com/imkit/imkit-ios-framework-v3.git
  SwiftLinkPreview:
    :git: https://github.com/imkit/SwiftLinkPreview.git

CHECKOUT OPTIONS:
  IMKit:
    :commit: 6c935666a52ed790ffd8bfe30e1140dbf127d70f
    :git: https://github.com/imkit/imkit-ios-framework-v3.git
  SwiftLinkPreview:
    :commit: 75a62bb806d7b9d7be4e2877569bcb34591a10e0
    :git: https://github.com/imkit/SwiftLinkPreview.git

SPEC CHECKSUMS:
  ActiveLabel: 5e3f4de79a1952d4604b845a0610d4776e4b82b3
  Alamofire: e447a2774a40c996748296fa2c55112fdbbc42f9
  DifferenceKit: 5659c430bb7fe45876fa32ce5cba5d6167f0c805
  FloatingPanel: fa60183672ed86313b9e241e34465e82211260e8
  Hero: 215865ba3ae41dd9bb08cd6c60a645529c6fc94b
  IGListDiffKit: 665d6cf43ce726e676013db9c7d6c4294259b6b2
  IGListKit: fd5a5d21935298f5849fa49d426843cff97b77c7
  IMKit: bc405119dbe8db386462e8eb78421b4a30191f49
  IQKeyboardManagerSwift: c7df9d2deb356c04522f5c4b7b6e4ce4d8ed94fe
  Kingfisher: 016c8b653a35add51dd34a3aba36b580041acc74
  Moya: 5b45dacb75adb009f97fde91c204c1e565d31916
  ProgressHUD: e603e8b8622c47d8818b9fb38b3cfe9d3e7ca421
  PromiseKit: 3b2b6995e51a954c46dbc550ce3da44fbfb563c5
  Realm: 95a120db10fa66d0f1d10bee4ce828177ae00090
  RealmSwift: 4937e1b6f9b87bc25dc23883198807bf69e8cb76
  SnapKit: 97b92857e3df3a0c71833cce143274bf6ef8e5eb
  Socket.IO-Client-Swift: c116d6dc9fd6be9c259bacfe143f8725bce7d79e
  Starscream: 5178aed56b316f13fa3bc55694e583d35dd414d9
  SwiftLinkPreview: c1bc5b2cb3cd42f2865137c1a61f5d788dcf5c9c
  SwiftyJSON: 2f33a42c6fbc52764d96f13368585094bfd8aa5e
  TagListView: a1c236d17960a0cf64156725a76ce6d73ebce2be

PODFILE CHECKSUM: 96f311f2ba3c068fb5e273a966f80fa6717b88e8

COCOAPODS: 1.10.2
